
Microsoft Visual Studio Solution File, Format Version 12.00
# Visual Studio Version 16
VisualStudioVersion = 16.0.28803.452
MinimumVisualStudioVersion = 10.0.40219.1
Project("{FAE04EC0-301F-11D3-BF4B-00C04F79EFBC}") = "ClassicFormsApp", "ClassicFormsApp\ClassicFormsApp.csproj", "{6CDB64B4-4444-479B-A2BB-73D95DF1DD3A}"
EndProject
Project("{FAE04EC0-301F-11D3-BF4B-00C04F79EFBC}") = "ClassicFormsApp.UI", "ClassicFormsApp.UI\ClassicFormsApp.UI.csproj", "{4DE6959C-D07C-4E82-AA85-241743D755B7}"
EndProject
Global
	GlobalSection(SolutionConfigurationPlatforms) = preSolution
		Debug|Any CPU = Debug|Any CPU
		Release|Any CPU = Release|Any CPU
	EndGlobalSection
	GlobalSection(ProjectConfigurationPlatforms) = postSolution
		{6CDB64B4-4444-479B-A2BB-73D95DF1DD3A}.Debug|Any CPU.ActiveCfg = Debug|Any CPU
		{6CDB64B4-4444-479B-A2BB-73D95DF1DD3A}.Debug|Any CPU.Build.0 = Debug|Any CPU
		{6CDB64B4-4444-479B-A2BB-73D95DF1DD3A}.Release|Any CPU.ActiveCfg = Release|Any CPU
		{6CDB64B4-4444-479B-A2BB-73D95DF1DD3A}.Release|Any CPU.Build.0 = Release|Any CPU
		{4DE6959C-D07C-4E82-AA85-241743D755B7}.Debug|Any CPU.ActiveCfg = Debug|Any CPU
		{4DE6959C-D07C-4E82-AA85-241743D755B7}.Debug|Any CPU.Build.0 = Debug|Any CPU
		{4DE6959C-D07C-4E82-AA85-241743D755B7}.Release|Any CPU.ActiveCfg = Release|Any CPU
		{4DE6959C-D07C-4E82-AA85-241743D755B7}.Release|Any CPU.Build.0 = Release|Any CPU
	EndGlobalSection
	GlobalSection(SolutionProperties) = preSolution
		HideSolutionNode = FALSE
	EndGlobalSection
	GlobalSection(ExtensibilityGlobals) = postSolution
		SolutionGuid = {83C4B28C-1C42-4908-BC46-AD98E48DDF69}
	EndGlobalSection
EndGlobal
